dependencies:
  espressif/esp-zigbee-lib:
    component_hash: 0026979f590d7f2b07f433bb0fd031a12b0c2cc0eec8584b59cb6e567d5afd82
    dependencies:
    - name: idf
      require: private
      version: '>=5.0'
    source:
      registry_url: https://components.espressif.com/
      type: service
    version: 1.6.0
  idf:
    source:
      type: idf
    version: 5.3.0
direct_dependencies:
- espressif/esp-zigbee-lib
- idf
manifest_hash: 7ceb5a76bb13e46e74b8452e06615107d6841e011798170a8c14e6bd0e772961
target: esp32c6
version: 2.0.0
